
Microsoft Visual Studio Solution File, Format Version 12.00
# Visual Studio 15
VisualStudioVersion = 15.0.28010.2050
MinimumVisualStudioVersion = 10.0.40219.1
Project("{8BC9CEB8-8B4A-11D0-8D11-00A0C91BC942}") = "shomagick", "shomagick.vcxproj", "{4590F7E3-1D99-49A0-A0FD-B9E45F5B8205}"
EndProject
Project("{8BC9CEB8-8B4A-11D0-8D11-00A0C91BC942}") = "catchtests", "catchtests\catchtests.vcxproj", "{F9F9E51F-9571-4800-A26D-0F51FBDA201F}"
EndProject
Global
	GlobalSection(SolutionConfigurationPlatforms) = preSolution
		Debug|x64 = Debug|x64
		Debug|x86 = Debug|x86
		Release|x64 = Release|x64
		Release|x86 = Release|x86
	EndGlobalSection
	GlobalSection(ProjectConfigurationPlatforms) = postSolution
		{4590F7E3-1D99-49A0-A0FD-B9E45F5B8205}.Debug|x64.ActiveCfg = Debug|x64
		{4590F7E3-1D99-49A0-A0FD-B9E45F5B8205}.Debug|x64.Build.0 = Debug|x64
		{4590F7E3-1D99-49A0-A0FD-B9E45F5B8205}.Debug|x86.ActiveCfg = Debug|Win32
		{4590F7E3-1D99-49A0-A0FD-B9E45F5B8205}.Debug|x86.Build.0 = Debug|Win32
		{4590F7E3-1D99-49A0-A0FD-B9E45F5B8205}.Release|x64.ActiveCfg = Release|x64
		{4590F7E3-1D99-49A0-A0FD-B9E45F5B8205}.Release|x64.Build.0 = Release|x64
		{4590F7E3-1D99-49A0-A0FD-B9E45F5B8205}.Release|x86.ActiveCfg = Release|Win32
		{4590F7E3-1D99-49A0-A0FD-B9E45F5B8205}.Release|x86.Build.0 = Release|Win32
		{F9F9E51F-9571-4800-A26D-0F51FBDA201F}.Debug|x64.ActiveCfg = Debug|x64
		{F9F9E51F-9571-4800-A26D-0F51FBDA201F}.Debug|x64.Build.0 = Debug|x64
		{F9F9E51F-9571-4800-A26D-0F51FBDA201F}.Debug|x86.ActiveCfg = Debug|Win32
		{F9F9E51F-9571-4800-A26D-0F51FBDA201F}.Debug|x86.Build.0 = Debug|Win32
		{F9F9E51F-9571-4800-A26D-0F51FBDA201F}.Release|x64.ActiveCfg = Release|x64
		{F9F9E51F-9571-4800-A26D-0F51FBDA201F}.Release|x64.Build.0 = Release|x64
		{F9F9E51F-9571-4800-A26D-0F51FBDA201F}.Release|x86.ActiveCfg = Release|Win32
		{F9F9E51F-9571-4800-A26D-0F51FBDA201F}.Release|x86.Build.0 = Release|Win32
	EndGlobalSection
	GlobalSection(SolutionProperties) = preSolution
		HideSolutionNode = FALSE
	EndGlobalSection
	GlobalSection(ExtensibilityGlobals) = postSolution
		SolutionGuid = {E9F85B60-D12F-4325-9A55-E46C091C5AA4}
	EndGlobalSection
EndGlobal
